
Microsoft Visual Studio Solution File, Format Version 12.00
# Visual Studio Version 17
VisualStudioVersion = 17.7.34031.279
MinimumVisualStudioVersion = 10.0.40219.1
Project("{888888A0-9F3D-457C-B088-3A5042F75D52}") = "BoseSoundTouchApiProject", "BoseSoundTouchApiProject.pyproj", "{B57AEA50-A094-4619-B41E-CDADE13693C6}"
EndProject
Global
	GlobalSection(SolutionConfigurationPlatforms) = preSolution
		Debug|Any CPU = Debug|Any CPU
		Release|Any CPU = Release|Any CPU
	EndGlobalSection
	GlobalSection(ProjectConfigurationPlatforms) = postSolution
		{B57AEA50-A094-4619-B41E-CDADE13693C6}.Debug|Any CPU.ActiveCfg = Debug|Any CPU
		{B57AEA50-A094-4619-B41E-CDADE13693C6}.Release|Any CPU.ActiveCfg = Release|Any CPU
	EndGlobalSection
	GlobalSection(SolutionProperties) = preSolution
		HideSolutionNode = FALSE
	EndGlobalSection
	GlobalSection(ExtensibilityGlobals) = postSolution
		SolutionGuid = {8B8963BD-F416-463A-8807-F5BBE1A9B3D4}
	EndGlobalSection
EndGlobal
